
Microsoft Visual Studio Solution File, Format Version 12.00
# Visual Studio 15
VisualStudioVersion = 15.0.28307.902
MinimumVisualStudioVersion = 10.0.40219.1
Project("{FAE04EC0-301F-11D3-BF4B-00C04F79EFBC}") = "Art", "Art\Art.csproj", "{A8D99092-C194-4889-AA45-F4FF3CC0FD13}"
EndProject
Global
	GlobalSection(SolutionConfigurationPlatforms) = preSolution
		Debug|Any CPU = Debug|Any CPU
		Release|Any CPU = Release|Any CPU
	EndGlobalSection
	GlobalSection(ProjectConfigurationPlatforms) = postSolution
		{A8D99092-C194-4889-AA45-F4FF3CC0FD13}.Debug|Any CPU.ActiveCfg = Debug|Any CPU
		{A8D99092-C194-4889-AA45-F4FF3CC0FD13}.Debug|Any CPU.Build.0 = Debug|Any CPU
		{A8D99092-C194-4889-AA45-F4FF3CC0FD13}.Release|Any CPU.ActiveCfg = Release|Any CPU
		{A8D99092-C194-4889-AA45-F4FF3CC0FD13}.Release|Any CPU.Build.0 = Release|Any CPU
	EndGlobalSection
	GlobalSection(SolutionProperties) = preSolution
		HideSolutionNode = FALSE
	EndGlobalSection
	GlobalSection(ExtensibilityGlobals) = postSolution
		SolutionGuid = {5EF372FB-F818-4855-A4A9-C5A7DB3BF92C}
	EndGlobalSection
EndGlobal
